
Microsoft Visual Studio Solution File, Format Version 12.00
# Visual Studio Version 17
VisualStudioVersion = 17.1.32210.238
MinimumVisualStudioVersion = 10.0.40219.1
Project("{FAE04EC0-301F-11D3-BF4B-00C04F79EFBC}") = "project", "project\project.csproj", "{1ECC52A5-1DD0-472C-B7C5-5975907EC3B8}"
EndProject
Global
	GlobalSection(SolutionConfigurationPlatforms) = preSolution
		Debug|Any CPU = Debug|Any CPU
		Release|Any CPU = Release|Any CPU
	EndGlobalSection
	GlobalSection(ProjectConfigurationPlatforms) = postSolution
		{1ECC52A5-1DD0-472C-B7C5-5975907EC3B8}.Debug|Any CPU.ActiveCfg = Debug|Any CPU
		{1ECC52A5-1DD0-472C-B7C5-5975907EC3B8}.Debug|Any CPU.Build.0 = Debug|Any CPU
		{1ECC52A5-1DD0-472C-B7C5-5975907EC3B8}.Release|Any CPU.ActiveCfg = Release|Any CPU
		{1ECC52A5-1DD0-472C-B7C5-5975907EC3B8}.Release|Any CPU.Build.0 = Release|Any CPU
	EndGlobalSection
	GlobalSection(SolutionProperties) = preSolution
		HideSolutionNode = FALSE
	EndGlobalSection
	GlobalSection(ExtensibilityGlobals) = postSolution
		SolutionGuid = {7E09AB23-4F0D-4EDC-AF8C-2CE86CB506C0}
	EndGlobalSection
EndGlobal
